// !$*UTF8*$!
{
	archiveVersion = 1;
	classes = {
	};
	objectVersion = 46;
	objects = {

/* Begin PBXBuildFile section */
		335B493D1CB32E710024D84E /* CreateController.swift in Sources */ = {isa = PBXBuildFile; fileRef = 335B493C1CB32E710024D84E /* CreateController.swift */; };
		335B49421CB367A10024D84E /* CreateRoomButton.swift in Sources */ = {isa = PBXBuildFile; fileRef = 335B49411CB367A10024D84E /* CreateRoomButton.swift */; };
		33DDC2571CB003A500C46753 /* AppDelegate.swift in Sources */ = {isa = PBXBuildFile; fileRef = 33DDC2561CB003A500C46753 /* AppDelegate.swift */; };
		33DDC2591CB003A500C46753 /* ViewController.swift in Sources */ = {isa = PBXBuildFile; fileRef = 33DDC2581CB003A500C46753 /* ViewController.swift */; };
		33DDC25C1CB003A500C46753 /* Main.storyboard in Resources */ = {isa = PBXBuildFile; fileRef = 33DDC25A1CB003A500C46753 /* Main.storyboard */; };
		33DDC25E1CB003A500C46753 /* Assets.xcassets in Resources */ = {isa = PBXBuildFile; fileRef = 33DDC25D1CB003A500C46753 /* Assets.xcassets */; };
		33DDC2611CB003A500C46753 /* LaunchScreen.storyboard in Resources */ = {isa = PBXBuildFile; fileRef = 33DDC25F1CB003A500C46753 /* LaunchScreen.storyboard */; };
		33DDC26B1CB00F4900C46753 /* MainNavbar.swift in Sources */ = {isa = PBXBuildFile; fileRef = 33DDC26A1CB00F4900C46753 /* MainNavbar.swift */; };
		33DDC26D1CB01DEE00C46753 /* RoomList.swift in Sources */ = {isa = PBXBuildFile; fileRef = 33DDC26C1CB01DEE00C46753 /* RoomList.swift */; };
		33DDC26F1CB0A44D00C46753 /* MyExtensions.swift in Sources */ = {isa = PBXBuildFile; fileRef = 33DDC26E1CB0A44D00C46753 /* MyExtensions.swift */; };
		33DDC2711CB0B42700C46753 /* RoomCell.swift in Sources */ = {isa = PBXBuildFile; fileRef = 33DDC2701CB0B42700C46753 /* RoomCell.swift */; };
		33DDC2731CB1611000C46753 /* GeoJotsTheme.swift in Sources */ = {isa = PBXBuildFile; fileRef = 33DDC2721CB1611000C46753 /* GeoJotsTheme.swift */; };
		33DDC2771CB176C300C46753 /* RoomController.swift in Sources */ = {isa = PBXBuildFile; fileRef = 33DDC2761CB176C300C46753 /* RoomController.swift */; };
		34CB92F9C28335D4714A7DAA /* Pods.framework in Frameworks */ = {isa = PBXBuildFile; fileRef = 2E5953569B0A84A02597DF05 /* Pods.framework */; };
/* End PBXBuildFile section */

/* Begin PBXFileReference section */
		0E538AF5A5FF80C5BDC47693 /* Pods.release.xcconfig */ = {isa = PBXFileReference; includeInIndex = 1; lastKnownFileType = text.xcconfig; name = Pods.release.xcconfig; path = "Pods/Target Support Files/Pods/Pods.release.xcconfig"; sourceTree = "<group>"; };
		2E5953569B0A84A02597DF05 /* Pods.framework */ = {isa = PBXFileReference; explicitFileType = wrapper.framework; includeInIndex = 0; path = Pods.framework; sourceTree = BUILT_PRODUCTS_DIR; };
		335B493C1CB32E710024D84E /* CreateController.swift */ = {isa = PBXFileReference; fileEncoding = 4; lastKnownFileType = sourcecode.swift; path = CreateController.swift; sourceTree = "<group>"; };
		335B49411CB367A10024D84E /* CreateRoomButton.swift */ = {isa = PBXFileReference; fileEncoding = 4; lastKnownFileType = sourcecode.swift; path = CreateRoomButton.swift; sourceTree = "<group>"; };
		33DDC2531CB003A400C46753 /* GeoJotsProject.app */ = {isa = PBXFileReference; explicitFileType = wrapper.application; includeInIndex = 0; path = GeoJotsProject.app; sourceTree = BUILT_PRODUCTS_DIR; };
		33DDC2561CB003A500C46753 /* AppDelegate.swift */ = {isa = PBXFileReference; lastKnownFileType = sourcecode.swift; path = AppDelegate.swift; sourceTree = "<group>"; };
		33DDC2581CB003A500C46753 /* ViewController.swift */ = {isa = PBXFileReference; lastKnownFileType = sourcecode.swift; path = ViewController.swift; sourceTree = "<group>"; };
		33DDC25B1CB003A500C46753 /* Base */ = {isa = PBXFileReference; lastKnownFileType = file.storyboard; name = Base; path = Base.lproj/Main.storyboard; sourceTree = "<group>"; };
		33DDC25D1CB003A500C46753 /* Assets.xcassets */ = {isa = PBXFileReference; lastKnownFileType = folder.assetcatalog; path = Assets.xcassets; sourceTree = "<group>"; };
		33DDC2601CB003A500C46753 /* Base */ = {isa = PBXFileReference; lastKnownFileType = file.storyboard; name = Base; path = Base.lproj/LaunchScreen.storyboard; sourceTree = "<group>"; };
		33DDC2621CB003A500C46753 /* Info.plist */ = {isa = PBXFileReference; lastKnownFileType = text.plist.xml; path = Info.plist; sourceTree = "<group>"; };
		33DDC26A1CB00F4900C46753 /* MainNavbar.swift */ = {isa = PBXFileReference; fileEncoding = 4; lastKnownFileType = sourcecode.swift; path = MainNavbar.swift; sourceTree = "<group>"; };
		33DDC26C1CB01DEE00C46753 /* RoomList.swift */ = {isa = PBXFileReference; fileEncoding = 4; lastKnownFileType = sourcecode.swift; path = RoomList.swift; sourceTree = "<group>"; };
		33DDC26E1CB0A44D00C46753 /* MyExtensions.swift */ = {isa = PBXFileReference; fileEncoding = 4; lastKnownFileType = sourcecode.swift; path = MyExtensions.swift; sourceTree = "<group>"; };
		33DDC2701CB0B42700C46753 /* RoomCell.swift */ = {isa = PBXFileReference; fileEncoding = 4; lastKnownFileType = sourcecode.swift; path = RoomCell.swift; sourceTree = "<group>"; };
		33DDC2721CB1611000C46753 /* GeoJotsTheme.swift */ = {isa = PBXFileReference; fileEncoding = 4; lastKnownFileType = sourcecode.swift; path = GeoJotsTheme.swift; sourceTree = "<group>"; };
		33DDC2761CB176C300C46753 /* RoomController.swift */ = {isa = PBXFileReference; fileEncoding = 4; lastKnownFileType = sourcecode.swift; path = RoomController.swift; sourceTree = "<group>"; };
		60C310914E486EFD70994DB6 /* Pods.debug.xcconfig */ = {isa = PBXFileReference; includeInIndex = 1; lastKnownFileType = text.xcconfig; name = Pods.debug.xcconfig; path = "Pods/Target Support Files/Pods/Pods.debug.xcconfig"; sourceTree = "<group>"; };
/* End PBXFileReference section */

/* Begin PBXFrameworksBuildPhase section */
		33DDC2501CB003A400C46753 /* Frameworks */ = {
			isa = PBXFrameworksBuildPhase;
			buildActionMask = 2147483647;
			files = (
				34CB92F9C28335D4714A7DAA /* Pods.framework in Frameworks */,
			);
			runOnlyForDeploymentPostprocessing = 0;
		};
/* End PBXFrameworksBuildPhase section */

/* Begin PBXGroup section */
		33DDC24A1CB003A400C46753 = {
			isa = PBXGroup;
			children = (
				33DDC2551CB003A500C46753 /* GeoJotsProject */,
				33DDC2541CB003A400C46753 /* Products */,
				D917DEB0925B4695F13D1C0A /* Pods */,
				9DFE62064BA23007020198AB /* Frameworks */,
			);
			sourceTree = "<group>";
		};
		33DDC2541CB003A400C46753 /* Products */ = {
			isa = PBXGroup;
			children = (
				33DDC2531CB003A400C46753 /* GeoJotsProject.app */,
			);
			name = Products;
			sourceTree = "<group>";
		};
		33DDC2551CB003A500C46753 /* GeoJotsProject */ = {
			isa = PBXGroup;
			children = (
				33DDC2561CB003A500C46753 /* AppDelegate.swift */,
				33DDC2581CB003A500C46753 /* ViewController.swift */,
				33DDC25A1CB003A500C46753 /* Main.storyboard */,
				33DDC25D1CB003A500C46753 /* Assets.xcassets */,
				33DDC25F1CB003A500C46753 /* LaunchScreen.storyboard */,
				33DDC2621CB003A500C46753 /* Info.plist */,
				33DDC26A1CB00F4900C46753 /* MainNavbar.swift */,
				33DDC26C1CB01DEE00C46753 /* RoomList.swift */,
				33DDC26E1CB0A44D00C46753 /* MyExtensions.swift */,
				33DDC2701CB0B42700C46753 /* RoomCell.swift */,
				33DDC2721CB1611000C46753 /* GeoJotsTheme.swift */,
				33DDC2761CB176C300C46753 /* RoomController.swift */,
				335B493C1CB32E710024D84E /* CreateController.swift */,
				335B49411CB367A10024D84E /* CreateRoomButton.swift */,
			);
			path = GeoJotsProject;
			sourceTree = "<group>";
		};
		9DFE62064BA23007020198AB /* Frameworks */ = {
			isa = PBXGroup;
			children = (
				2E5953569B0A84A02597DF05 /* Pods.framework */,
			);
			name = Frameworks;
			sourceTree = "<group>";
		};
		D917DEB0925B4695F13D1C0A /* Pods */ = {
			isa = PBXGroup;
			children = (
				60C310914E486EFD70994DB6 /* Pods.debug.xcconfig */,
				0E538AF5A5FF80C5BDC47693 /* Pods.release.xcconfig */,
			);
			name = Pods;
			sourceTree = "<group>";
		};
/* End PBXGroup section */

/* Begin PBXNativeTarget section */
		33DDC2521CB003A400C46753 /* GeoJotsProject */ = {
			isa = PBXNativeTarget;
			buildConfigurationList = 33DDC2651CB003A500C46753 /* Build configuration list for PBXNativeTarget "GeoJotsProject" */;
			buildPhases = (
				BB0B18E3F700A13BA56A93BB /* Check Pods Manifest.lock */,
				33DDC24F1CB003A400C46753 /* Sources */,
				33DDC2501CB003A400C46753 /* Frameworks */,
				33DDC2511CB003A400C46753 /* Resources */,
				7B456034B51AD72B967AA200 /* Embed Pods Frameworks */,
				2128924DC7951380E3BC5BFC /* Copy Pods Resources */,
			);
			buildRules = (
			);
			dependencies = (
			);
			name = GeoJotsProject;
			productName = GeoJotsProject;
			productReference = 33DDC2531CB003A400C46753 /* GeoJotsProject.app */;
			productType = "com.apple.product-type.application";
		};
/* End PBXNativeTarget section */

/* Begin PBXProject section */
		33DDC24B1CB003A400C46753 /* Project object */ = {
			isa = PBXProject;
			attributes = {
				LastSwiftUpdateCheck = 0730;
				LastUpgradeCheck = 0730;
				ORGANIZATIONNAME = "Joseph Ditton";
				TargetAttributes = {
					33DDC2521CB003A400C46753 = {
						CreatedOnToolsVersion = 7.3;
						DevelopmentTeam = D2G26QBECG;
					};
				};
			};
			buildConfigurationList = 33DDC24E1CB003A400C46753 /* Build configuration list for PBXProject "GeoJotsProject" */;
			compatibilityVersion = "Xcode 3.2";
			developmentRegion = English;
			hasScannedForEncodings = 0;
			knownRegions = (
				en,
				Base,
			);
			mainGroup = 33DDC24A1CB003A400C46753;
			productRefGroup = 33DDC2541CB003A400C46753 /* Products */;
			projectDirPath = "";
			projectRoot = "";
			targets = (
				33DDC2521CB003A400C46753 /* GeoJotsProject */,
			);
		};
/* End PBXProject section */

/* Begin PBXResourcesBuildPhase section */
		33DDC2511CB003A400C46753 /* Resources */ = {
			isa = PBXResourcesBuildPhase;
			buildActionMask = 2147483647;
			files = (
				33DDC2611CB003A500C46753 /* LaunchScreen.storyboard in Resources */,
				33DDC25E1CB003A500C46753 /* Assets.xcassets in Resources */,
				33DDC25C1CB003A500C46753 /* Main.storyboard in Resources */,
			);
			runOnlyForDeploymentPostprocessing = 0;
		};
/* End PBXResourcesBuildPhase section */

/* Begin PBXShellScriptBuildPhase section */
		2128924DC7951380E3BC5BFC /* Copy Pods Resources */ = {
			isa = PBXShellScriptBuildPhase;
			buildActionMask = 2147483647;
			files = (
			);
			inputPaths = (
			);
			name = "Copy Pods Resources";
			outputPaths = (
			);
			runOnlyForDeploymentPostprocessing = 0;
			shellPath = /bin/sh;
			shellScript = "\"${SRCROOT}/Pods/Target Support Files/Pods/Pods-resources.sh\"\n";
			showEnvVarsInLog = 0;
		};
		7B456034B51AD72B967AA200 /* Embed Pods Frameworks */ = {
			isa = PBXShellScriptBuildPhase;
			buildActionMask = 2147483647;
			files = (
			);
			inputPaths = (
			);
			name = "Embed Pods Frameworks";
			outputPaths = (
			);
			runOnlyForDeploymentPostprocessing = 0;
			shellPath = /bin/sh;
			shellScript = "\"${SRCROOT}/Pods/Target Support Files/Pods/Pods-frameworks.sh\"\n";
			showEnvVarsInLog = 0;
		};
		BB0B18E3F700A13BA56A93BB /* Check Pods Manifest.lock */ = {
			isa = PBXShellScriptBuildPhase;
			buildActionMask = 2147483647;
			files = (
			);
			inputPaths = (
			);
			name = "Check Pods Manifest.lock";
			outputPaths = (
			);
			runOnlyForDeploymentPostprocessing = 0;
			shellPath = /bin/sh;
			shellScript = "diff \"${PODS_ROOT}/../Podfile.lock\" \"${PODS_ROOT}/Manifest.lock\" > /dev/null\nif [[ $? != 0 ]] ; then\n    cat << EOM\nerror: The sandbox is not in sync with the Podfile.lock. Run 'pod install' or update your CocoaPods installation.\nEOM\n    exit 1\nfi\n";
			showEnvVarsInLog = 0;
		};
/* End PBXShellScriptBuildPhase section */

/* Begin PBXSourcesBuildPhase section */
		33DDC24F1CB003A400C46753 /* Sources */ = {
			isa = PBXSourcesBuildPhase;
			buildActionMask = 2147483647;
			files = (
				33DDC2771CB176C300C46753 /* RoomController.swift in Sources */,
				33DDC2711CB0B42700C46753 /* RoomCell.swift in Sources */,
				33DDC26B1CB00F4900C46753 /* MainNavbar.swift in Sources */,
				33DDC2591CB003A500C46753 /* ViewController.swift in Sources */,
				33DDC26D1CB01DEE00C46753 /* RoomList.swift in Sources */,
				33DDC26F1CB0A44D00C46753 /* MyExtensions.swift in Sources */,
				335B49421CB367A10024D84E /* CreateRoomButton.swift in Sources */,
				33DDC2571CB003A500C46753 /* AppDelegate.swift in Sources */,
				335B493D1CB32E710024D84E /* CreateController.swift in Sources */,
				33DDC2731CB1611000C46753 /* GeoJotsTheme.swift in Sources */,
			);
			runOnlyForDeploymentPostprocessing = 0;
		};
/* End PBXSourcesBuildPhase section */

/* Begin PBXVariantGroup section */
		33DDC25A1CB003A500C46753 /* Main.storyboard */ = {
			isa = PBXVariantGroup;
			children = (
				33DDC25B1CB003A500C46753 /* Base */,
			);
			name = Main.storyboard;
			sourceTree = "<group>";
		};
		33DDC25F1CB003A500C46753 /* LaunchScreen.storyboard */ = {
			isa = PBXVariantGroup;
			children = (
				33DDC2601CB003A500C46753 /* Base */,
			);
			name = LaunchScreen.storyboard;
			sourceTree = "<group>";
		};
/* End PBXVariantGroup section */

/* Begin XCBuildConfiguration section */
		33DDC2631CB003A500C46753 /* Debug */ = {
			isa = XCBuildConfiguration;
			buildSettings = {
				ALWAYS_SEARCH_USER_PATHS = NO;
				CLANG_ANALYZER_NONNULL = YES;
				CLANG_CXX_LANGUAGE_STANDARD = "gnu++0x";
				CLANG_CXX_LIBRARY = "libc++";
				CLANG_ENABLE_MODULES = YES;
				CLANG_ENABLE_OBJC_ARC = YES;
				CLANG_WARN_BOOL_CONVERSION = YES;
				CLANG_WARN_CONSTANT_CONVERSION = YES;
				CLANG_WARN_DIRECT_OBJC_ISA_USAGE = YES_ERROR;
				CLANG_WARN_EMPTY_BODY = YES;
				CLANG_WARN_ENUM_CONVERSION = YES;
				CLANG_WARN_INT_CONVERSION = YES;
				CLANG_WARN_OBJC_ROOT_CLASS = YES_ERROR;
				CLANG_WARN_UNREACHABLE_CODE = YES;
				CLANG_WARN__DUPLICATE_METHOD_MATCH = YES;
				"CODE_SIGN_IDENTITY[sdk=iphoneos*]" = "iPhone Developer";
				COPY_PHASE_STRIP = NO;
				DEBUG_INFORMATION_FORMAT = dwarf;
				ENABLE_STRICT_OBJC_MSGSEND = YES;
				ENABLE_TESTABILITY = YES;
				GCC_C_LANGUAGE_STANDARD = gnu99;
				GCC_DYNAMIC_NO_PIC = NO;
				GCC_NO_COMMON_BLOCKS = YES;
				GCC_OPTIMIZATION_LEVEL = 0;
				GCC_PREPROCESSOR_DEFINITIONS = (
					"DEBUG=1",
					"$(inherited)",
				);
				GCC_WARN_64_TO_32_BIT_CONVERSION = YES;
				GCC_WARN_ABOUT_RETURN_TYPE = YES_ERROR;
				GCC_WARN_UNDECLARED_SELECTOR = YES;
				GCC_WARN_UNINITIALIZED_AUTOS = YES_AGGRESSIVE;
				GCC_WARN_UNUSED_FUNCTION = YES;
				GCC_WARN_UNUSED_VARIABLE = YES;
				IPHONEOS_DEPLOYMENT_TARGET = 9.3;
				MTL_ENABLE_DEBUG_INFO = YES;
				ONLY_ACTIVE_ARCH = YES;
				SDKROOT = iphoneos;
				SWIFT_OPTIMIZATION_LEVEL = "-Onone";
				TARGETED_DEVICE_FAMILY = "1,2";
			};
			name = Debug;
		};
		33DDC2641CB003A500C46753 /* Release */ = {
			isa = XCBuildConfiguration;
			buildSettings = {
				ALWAYS_SEARCH_USER_PATHS = NO;
				CLANG_ANALYZER_NONNULL = YES;
				CLANG_CXX_LANGUAGE_STANDARD = "gnu++0x";
				CLANG_CXX_LIBRARY = "libc++";
				CLANG_ENABLE_MODULES = YES;
				CLANG_ENABLE_OBJC_ARC = YES;
				CLANG_WARN_BOOL_CONVERSION = YES;
				CLANG_WARN_CONSTANT_CONVERSION = YES;
				CLANG_WARN_DIRECT_OBJC_ISA_USAGE = YES_ERROR;
				CLANG_WARN_EMPTY_BODY = YES;
				CLANG_WARN_ENUM_CONVERSION = YES;
				CLANG_WARN_INT_CONVERSION = YES;
				CLANG_WARN_OBJC_ROOT_CLASS = YES_ERROR;
				CLANG_WARN_UNREACHABLE_CODE = YES;
				CLANG_WARN__DUPLICATE_METHOD_MATCH = YES;
				"CODE_SIGN_IDENTITY[sdk=iphoneos*]" = "iPhone Developer";
				COPY_PHASE_STRIP = NO;
				DEBUG_INFORMATION_FORMAT = "dwarf-with-dsym";
				ENABLE_NS_ASSERTIONS = NO;
				ENABLE_STRICT_OBJC_MSGSEND = YES;
				GCC_C_LANGUAGE_STANDARD = gnu99;
				GCC_NO_COMMON_BLOCKS = YES;
				GCC_WARN_64_TO_32_BIT_CONVERSION = YES;
				GCC_WARN_ABOUT_RETURN_TYPE = YES_ERROR;
				GCC_WARN_UNDECLARED_SELECTOR = YES;
				GCC_WARN_UNINITIALIZED_AUTOS = YES_AGGRESSIVE;
				GCC_WARN_UNUSED_FUNCTION = YES;
				GCC_WARN_UNUSED_VARIABLE = YES;
				IPHONEOS_DEPLOYMENT_TARGET = 9.3;
				MTL_ENABLE_DEBUG_INFO = NO;
				SDKROOT = iphoneos;
				TARGETED_DEVICE_FAMILY = "1,2";
				VALIDATE_PRODUCT = YES;
			};
			name = Release;
		};
		33DDC2661CB003A500C46753 /* Debug */ = {
			isa = XCBuildConfiguration;
			baseConfigurationReference = 60C310914E486EFD70994DB6 /* Pods.debug.xcconfig */;
			buildSettings = {
				ASSETCATALOG_COMPILER_APPICON_NAME = AppIcon;
				CODE_SIGN_IDENTITY = "iPhone Developer";
				INFOPLIST_FILE = GeoJotsProject/Info.plist;
				IPHONEOS_DEPLOYMENT_TARGET = 8.0;
				LD_RUNPATH_SEARCH_PATHS = "$(inherited) @executable_path/Frameworks";
				PRODUCT_BUNDLE_IDENTIFIER = d3vBros.GeoJotsProject;
				PRODUCT_NAME = "$(TARGET_NAME)";
			};
			name = Debug;
		};
		33DDC2671CB003A500C46753 /* Release */ = {
			isa = XCBuildConfiguration;
			baseConfigurationReference = 0E538AF5A5FF80C5BDC47693 /* Pods.release.xcconfig */;
			buildSettings = {
				ASSETCATALOG_COMPILER_APPICON_NAME = AppIcon;
				CODE_SIGN_IDENTITY = "iPhone Developer";
				INFOPLIST_FILE = GeoJotsProject/Info.plist;
				IPHONEOS_DEPLOYMENT_TARGET = 8.0;
				LD_RUNPATH_SEARCH_PATHS = "$(inherited) @executable_path/Frameworks";
				PRODUCT_BUNDLE_IDENTIFIER = d3vBros.GeoJotsProject;
				PRODUCT_NAME = "$(TARGET_NAME)";
			};
			name = Release;
		};
/* End XCBuildConfiguration section */

/* Begin XCConfigurationList section */
		33DDC24E1CB003A400C46753 /* Build configuration list for PBXProject "GeoJotsProject" */ = {
			isa = XCConfigurationList;
			buildConfigurations = (
				33DDC2631CB003A500C46753 /* Debug */,
				33DDC2641CB003A500C46753 /* Release */,
			);
			defaultConfigurationIsVisible = 0;
			defaultConfigurationName = Release;
		};
		33DDC2651CB003A500C46753 /* Build configuration list for PBXNativeTarget "GeoJotsProject" */ = {
			isa = XCConfigurationList;
			buildConfigurations = (
				33DDC2661CB003A500C46753 /* Debug */,
				33DDC2671CB003A500C46753 /* Release */,
			);
			defaultConfigurationIsVisible = 0;
			defaultConfigurationName = Release;
		};
/* End XCConfigurationList section */
	};
	rootObject = 33DDC24B1CB003A400C46753 /* Project object */;
}
